// !$*UTF8*$!
{
	archiveVersion = 1;
	classes = {
	};
	objectVersion = 55;
	objects = {

/* Begin PBXBuildFile section */
		63F4529B42C62EC825339DD7 /* Pods_StorageService.framework in Frameworks */ = {isa = PBXBuildFile; fileRef = 314BBFE4E6539C72EF917BFC /* Pods_StorageService.framework */; };
		E623F5B227C533CA008E1943 /* UIImage+Extension.swift in Sources */ = {isa = PBXBuildFile; fileRef = E623F5B127C533CA008E1943 /* UIImage+Extension.swift */; };
		E6416FA327737DDC0033E6E9 /* UIView+Extension.swift in Sources */ = {isa = PBXBuildFile; fileRef = E6416FA227737DDC0033E6E9 /* UIView+Extension.swift */; };
		E6416FA527738AF80033E6E9 /* ProfileViewController.swift in Sources */ = {isa = PBXBuildFile; fileRef = E6416FA427738AF80033E6E9 /* ProfileViewController.swift */; };
		E67A335227EA4D30004A07EB /* PostTableViewCell.swift in Sources */ = {isa = PBXBuildFile; fileRef = E67A335127EA4D30004A07EB /* PostTableViewCell.swift */; };
		E67A335427F45A6B004A07EB /* PhotosTableViewCell.swift in Sources */ = {isa = PBXBuildFile; fileRef = E67A335327F45A6B004A07EB /* PhotosTableViewCell.swift */; };
		E67A335827F49A25004A07EB /* ContentGenerator.swift in Sources */ = {isa = PBXBuildFile; fileRef = E67A335727F49A25004A07EB /* ContentGenerator.swift */; };
		E67A335A27F746B0004A07EB /* PhotosViewController.swift in Sources */ = {isa = PBXBuildFile; fileRef = E67A335927F746AF004A07EB /* PhotosViewController.swift */; };
		E67A335C27F75BFC004A07EB /* PhotosCollectionViewCell.swift in Sources */ = {isa = PBXBuildFile; fileRef = E67A335B27F75BFC004A07EB /* PhotosCollectionViewCell.swift */; };
		E67E691828087084000C50D8 /* StorageService.docc in Sources */ = {isa = PBXBuildFile; fileRef = E67E691728087084000C50D8 /* StorageService.docc */; };
		E67E692628087084000C50D8 /* StorageService.h in Headers */ = {isa = PBXBuildFile; fileRef = E67E691628087084000C50D8 /* StorageService.h */; settings = {ATTRIBUTES = (Public, ); }; };
		E67E692928087084000C50D8 /* StorageService.framework in Frameworks */ = {isa = PBXBuildFile; fileRef = E67E691428087084000C50D8 /* StorageService.framework */; platformFilter = ios; };
		E67E692A28087084000C50D8 /* StorageService.framework in Embed Frameworks */ = {isa = PBXBuildFile; fileRef = E67E691428087084000C50D8 /* StorageService.framework */; settings = {ATTRIBUTES = (CodeSignOnCopy, RemoveHeadersOnCopy, ); }; };
		E67E693228087116000C50D8 /* Post.swift in Sources */ = {isa = PBXBuildFile; fileRef = E6E8EBB627592EDB009C49C7 /* Post.swift */; };
		E67E6934280879D3000C50D8 /* StorageService.framework in Frameworks */ = {isa = PBXBuildFile; fileRef = E67E691428087084000C50D8 /* StorageService.framework */; };
		E6898628276783CC00D5A31C /* ProfileTableHeaderView.swift in Sources */ = {isa = PBXBuildFile; fileRef = E6898627276783CC00D5A31C /* ProfileTableHeaderView.swift */; };
		E6BCB91927A8619400FA8863 /* LogInViewController.swift in Sources */ = {isa = PBXBuildFile; fileRef = E6BCB91827A8619400FA8863 /* LogInViewController.swift */; };
		E6E8EB8127529309009C49C7 /* AppDelegate.swift in Sources */ = {isa = PBXBuildFile; fileRef = E6E8EB8027529309009C49C7 /* AppDelegate.swift */; };
		E6E8EB8A2752930C009C49C7 /* Assets.xcassets in Resources */ = {isa = PBXBuildFile; fileRef = E6E8EB892752930C009C49C7 /* Assets.xcassets */; };
		E6E8EB8D2752930C009C49C7 /* BuildFile in Resources */ = {isa = PBXBuildFile; };
		E6E8EBB32757D8BB009C49C7 /* FeedViewController.swift in Sources */ = {isa = PBXBuildFile; fileRef = E6E8EBB22757D8BB009C49C7 /* FeedViewController.swift */; };
		E6E8EBB52757E28A009C49C7 /* PostViewController.swift in Sources */ = {isa = PBXBuildFile; fileRef = E6E8EBB42757E28A009C49C7 /* PostViewController.swift */; };
		E6E8EBB9275938A1009C49C7 /* InfoViewController.swift in Sources */ = {isa = PBXBuildFile; fileRef = E6E8EBB8275938A1009C49C7 /* InfoViewController.swift */; };
		FD3F3B68FEA0947D6693428C /* Pods_Navigation.framework in Frameworks */ = {isa = PBXBuildFile; fileRef = 070E3FBBFB0C4D0D030DA236 /* Pods_Navigation.framework */; };
/* End PBXBuildFile section */

/* Begin PBXContainerItemProxy section */
		E67E692728087084000C50D8 /* PBXContainerItemProxy */ = {
			isa = PBXContainerItemProxy;
			containerPortal = E6E8EB7527529309009C49C7 /* Project object */;
			proxyType = 1;
			remoteGlobalIDString = E67E691328087084000C50D8;
			remoteInfo = StorageService;
		};
		E67E6935280879D3000C50D8 /* PBXContainerItemProxy */ = {
			isa = PBXContainerItemProxy;
			containerPortal = E6E8EB7527529309009C49C7 /* Project object */;
			proxyType = 1;
			remoteGlobalIDString = E67E691328087084000C50D8;
			remoteInfo = StorageService;
		};
/* End PBXContainerItemProxy section */

/* Begin PBXCopyFilesBuildPhase section */
		E67E692B28087084000C50D8 /* Embed Frameworks */ = {
			isa = PBXCopyFilesBuildPhase;
			buildActionMask = 2147483647;
			dstPath = "";
			dstSubfolderSpec = 10;
			files = (
				E67E692A28087084000C50D8 /* StorageService.framework in Embed Frameworks */,
			);
			name = "Embed Frameworks";
			runOnlyForDeploymentPostprocessing = 0;
		};
/* End PBXCopyFilesBuildPhase section */

/* Begin PBXFileReference section */
		070E3FBBFB0C4D0D030DA236 /* Pods_Navigation.framework */ = {isa = PBXFileReference; explicitFileType = wrapper.framework; includeInIndex = 0; path = Pods_Navigation.framework; sourceTree = BUILT_PRODUCTS_DIR; };
		2D8002BB15C0BFA3521951CB /* Pods-StorageService.debug.xcconfig */ = {isa = PBXFileReference; includeInIndex = 1; lastKnownFileType = text.xcconfig; name = "Pods-StorageService.debug.xcconfig"; path = "Target Support Files/Pods-StorageService/Pods-StorageService.debug.xcconfig"; sourceTree = "<group>"; };
		314BBFE4E6539C72EF917BFC /* Pods_StorageService.framework */ = {isa = PBXFileReference; explicitFileType = wrapper.framework; includeInIndex = 0; path = Pods_StorageService.framework; sourceTree = BUILT_PRODUCTS_DIR; };
		4D4EF64DAA27619C41F4E4CC /* Pods-StorageService.release.xcconfig */ = {isa = PBXFileReference; includeInIndex = 1; lastKnownFileType = text.xcconfig; name = "Pods-StorageService.release.xcconfig"; path = "Target Support Files/Pods-StorageService/Pods-StorageService.release.xcconfig"; sourceTree = "<group>"; };
		6AFB901DBDD26D901ACC9D18 /* Pods-Navigation.debug.xcconfig */ = {isa = PBXFileReference; includeInIndex = 1; lastKnownFileType = text.xcconfig; name = "Pods-Navigation.debug.xcconfig"; path = "Target Support Files/Pods-Navigation/Pods-Navigation.debug.xcconfig"; sourceTree = "<group>"; };
		E623F5B127C533CA008E1943 /* UIImage+Extension.swift */ = {isa = PBXFileReference; lastKnownFileType = sourcecode.swift; path = "UIImage+Extension.swift"; sourceTree = "<group>"; };
		E6416FA227737DDC0033E6E9 /* UIView+Extension.swift */ = {isa = PBXFileReference; lastKnownFileType = sourcecode.swift; path = "UIView+Extension.swift"; sourceTree = "<group>"; };
		E6416FA427738AF80033E6E9 /* ProfileViewController.swift */ = {isa = PBXFileReference; fileEncoding = 4; lastKnownFileType = sourcecode.swift; path = ProfileViewController.swift; sourceTree = "<group>"; };
		E67A335127EA4D30004A07EB /* PostTableViewCell.swift */ = {isa = PBXFileReference; lastKnownFileType = sourcecode.swift; path = PostTableViewCell.swift; sourceTree = "<group>"; };
		E67A335327F45A6B004A07EB /* PhotosTableViewCell.swift */ = {isa = PBXFileReference; lastKnownFileType = sourcecode.swift; path = PhotosTableViewCell.swift; sourceTree = "<group>"; };
		E67A335727F49A25004A07EB /* ContentGenerator.swift */ = {isa = PBXFileReference; lastKnownFileType = sourcecode.swift; path = ContentGenerator.swift; sourceTree = "<group>"; };
		E67A335927F746AF004A07EB /* PhotosViewController.swift */ = {isa = PBXFileReference; lastKnownFileType = sourcecode.swift; path = PhotosViewController.swift; sourceTree = "<group>"; };
		E67A335B27F75BFC004A07EB /* PhotosCollectionViewCell.swift */ = {isa = PBXFileReference; lastKnownFileType = sourcecode.swift; path = PhotosCollectionViewCell.swift; sourceTree = "<group>"; };
		E67E691428087084000C50D8 /* StorageService.framework */ = {isa = PBXFileReference; explicitFileType = wrapper.framework; includeInIndex = 0; path = StorageService.framework; sourceTree = BUILT_PRODUCTS_DIR; };
		E67E691628087084000C50D8 /* StorageService.h */ = {isa = PBXFileReference; lastKnownFileType = sourcecode.c.h; path = StorageService.h; sourceTree = "<group>"; };
		E67E691728087084000C50D8 /* StorageService.docc */ = {isa = PBXFileReference; lastKnownFileType = folder.documentationcatalog; path = StorageService.docc; sourceTree = "<group>"; };
		E6898627276783CC00D5A31C /* ProfileTableHeaderView.swift */ = {isa = PBXFileReference; lastKnownFileType = sourcecode.swift; path = ProfileTableHeaderView.swift; sourceTree = "<group>"; };
		E6BCB91827A8619400FA8863 /* LogInViewController.swift */ = {isa = PBXFileReference; lastKnownFileType = sourcecode.swift; path = LogInViewController.swift; sourceTree = "<group>"; };
		E6E8EB7D27529309009C49C7 /* Navigation.app */ = {isa = PBXFileReference; explicitFileType = wrapper.application; includeInIndex = 0; path = Navigation.app; sourceTree = BUILT_PRODUCTS_DIR; };
		E6E8EB8027529309009C49C7 /* AppDelegate.swift */ = {isa = PBXFileReference; lastKnownFileType = sourcecode.swift; path = AppDelegate.swift; sourceTree = "<group>"; };
		E6E8EB892752930C009C49C7 /* Assets.xcassets */ = {isa = PBXFileReference; lastKnownFileType = folder.assetcatalog; path = Assets.xcassets; sourceTree = "<group>"; };
		E6E8EB8E2752930C009C49C7 /* Info.plist */ = {isa = PBXFileReference; lastKnownFileType = text.plist.xml; path = Info.plist; sourceTree = "<group>"; };
		E6E8EBB22757D8BB009C49C7 /* FeedViewController.swift */ = {isa = PBXFileReference; lastKnownFileType = sourcecode.swift; path = FeedViewController.swift; sourceTree = "<group>"; };
		E6E8EBB42757E28A009C49C7 /* PostViewController.swift */ = {isa = PBXFileReference; lastKnownFileType = sourcecode.swift; path = PostViewController.swift; sourceTree = "<group>"; };
		E6E8EBB627592EDB009C49C7 /* Post.swift */ = {isa = PBXFileReference; lastKnownFileType = sourcecode.swift; path = Post.swift; sourceTree = "<group>"; };
		E6E8EBB8275938A1009C49C7 /* InfoViewController.swift */ = {isa = PBXFileReference; lastKnownFileType = sourcecode.swift; path = InfoViewController.swift; sourceTree = "<group>"; };
		EB6FD223148E2BCC0C808971 /* Pods-Navigation.release.xcconfig */ = {isa = PBXFileReference; includeInIndex = 1; lastKnownFileType = text.xcconfig; name = "Pods-Navigation.release.xcconfig"; path = "Target Support Files/Pods-Navigation/Pods-Navigation.release.xcconfig"; sourceTree = "<group>"; };
/* End PBXFileReference section */

/* Begin PBXFrameworksBuildPhase section */
		E67E691128087084000C50D8 /* Frameworks */ = {
			isa = PBXFrameworksBuildPhase;
			buildActionMask = 2147483647;
			files = (
				63F4529B42C62EC825339DD7 /* Pods_StorageService.framework in Frameworks */,
			);
			runOnlyForDeploymentPostprocessing = 0;
		};
		E6E8EB7A27529309009C49C7 /* Frameworks */ = {
			isa = PBXFrameworksBuildPhase;
			buildActionMask = 2147483647;
			files = (
				E67E6934280879D3000C50D8 /* StorageService.framework in Frameworks */,
				E67E692928087084000C50D8 /* StorageService.framework in Frameworks */,
				FD3F3B68FEA0947D6693428C /* Pods_Navigation.framework in Frameworks */,
			);
			runOnlyForDeploymentPostprocessing = 0;
		};
/* End PBXFrameworksBuildPhase section */

/* Begin PBXGroup section */
		4D2763039266988F65371084 /* Pods */ = {
			isa = PBXGroup;
			children = (
				6AFB901DBDD26D901ACC9D18 /* Pods-Navigation.debug.xcconfig */,
				EB6FD223148E2BCC0C808971 /* Pods-Navigation.release.xcconfig */,
				2D8002BB15C0BFA3521951CB /* Pods-StorageService.debug.xcconfig */,
				4D4EF64DAA27619C41F4E4CC /* Pods-StorageService.release.xcconfig */,
			);
			name = Pods;
			path = Pods;
			sourceTree = "<group>";
		};
		E67E691528087084000C50D8 /* StorageService */ = {
			isa = PBXGroup;
			children = (
				E6E8EBB627592EDB009C49C7 /* Post.swift */,
				E67E691628087084000C50D8 /* StorageService.h */,
				E67E691728087084000C50D8 /* StorageService.docc */,
			);
			path = StorageService;
			sourceTree = "<group>";
		};
		E67E6933280879D3000C50D8 /* Frameworks */ = {
			isa = PBXGroup;
			children = (
				070E3FBBFB0C4D0D030DA236 /* Pods_Navigation.framework */,
				314BBFE4E6539C72EF917BFC /* Pods_StorageService.framework */,
			);
			name = Frameworks;
			sourceTree = "<group>";
		};
		E68986262767838400D5A31C /* Profile */ = {
			isa = PBXGroup;
			children = (
				E6BCB91827A8619400FA8863 /* LogInViewController.swift */,
				E6416FA427738AF80033E6E9 /* ProfileViewController.swift */,
				E67A335927F746AF004A07EB /* PhotosViewController.swift */,
				E6898627276783CC00D5A31C /* ProfileTableHeaderView.swift */,
				E67A335B27F75BFC004A07EB /* PhotosCollectionViewCell.swift */,
				E67A335327F45A6B004A07EB /* PhotosTableViewCell.swift */,
				E67A335127EA4D30004A07EB /* PostTableViewCell.swift */,
				E67A335727F49A25004A07EB /* ContentGenerator.swift */,
			);
			path = Profile;
			sourceTree = "<group>";
		};
		E6E8EB7427529309009C49C7 = {
			isa = PBXGroup;
			children = (
				E6E8EB7F27529309009C49C7 /* Navigation */,
				E67E691528087084000C50D8 /* StorageService */,
				E6E8EB7E27529309009C49C7 /* Products */,
				E67E6933280879D3000C50D8 /* Frameworks */,
				4D2763039266988F65371084 /* Pods */,
			);
			sourceTree = "<group>";
		};
		E6E8EB7E27529309009C49C7 /* Products */ = {
			isa = PBXGroup;
			children = (
				E6E8EB7D27529309009C49C7 /* Navigation.app */,
				E67E691428087084000C50D8 /* StorageService.framework */,
			);
			name = Products;
			sourceTree = "<group>";
		};
		E6E8EB7F27529309009C49C7 /* Navigation */ = {
			isa = PBXGroup;
			children = (
				E68986262767838400D5A31C /* Profile */,
				E6E8EB8027529309009C49C7 /* AppDelegate.swift */,
				E6E8EBB22757D8BB009C49C7 /* FeedViewController.swift */,
				E6E8EBB42757E28A009C49C7 /* PostViewController.swift */,
				E6E8EBB8275938A1009C49C7 /* InfoViewController.swift */,
				E6416FA227737DDC0033E6E9 /* UIView+Extension.swift */,
				E623F5B127C533CA008E1943 /* UIImage+Extension.swift */,
				E6E8EB8E2752930C009C49C7 /* Info.plist */,
				E6E8EB892752930C009C49C7 /* Assets.xcassets */,
			);
			path = Navigation;
			sourceTree = "<group>";
		};
/* End PBXGroup section */

/* Begin PBXHeadersBuildPhase section */
		E67E690F28087084000C50D8 /* Headers */ = {
			isa = PBXHeadersBuildPhase;
			buildActionMask = 2147483647;
			files = (
				E67E692628087084000C50D8 /* StorageService.h in Headers */,
			);
			runOnlyForDeploymentPostprocessing = 0;
		};
/* End PBXHeadersBuildPhase section */

/* Begin PBXNativeTarget section */
		E67E691328087084000C50D8 /* StorageService */ = {
			isa = PBXNativeTarget;
			buildConfigurationList = E67E693028087085000C50D8 /* Build configuration list for PBXNativeTarget "StorageService" */;
			buildPhases = (
				B8FCC549B6B6D1C64240A21B /* [CP] Check Pods Manifest.lock */,
				E67E690F28087084000C50D8 /* Headers */,
				E67E691028087084000C50D8 /* Sources */,
				E67E691128087084000C50D8 /* Frameworks */,
				E67E691228087084000C50D8 /* Resources */,
			);
			buildRules = (
			);
			dependencies = (
			);
			name = StorageService;
			productName = StorageService;
			productReference = E67E691428087084000C50D8 /* StorageService.framework */;
			productType = "com.apple.product-type.framework";
		};
		E6E8EB7C27529309009C49C7 /* Navigation */ = {
			isa = PBXNativeTarget;
			buildConfigurationList = E6E8EB912752930C009C49C7 /* Build configuration list for PBXNativeTarget "Navigation" */;
			buildPhases = (
				7AABD1E13B2F7A33BE4CA396 /* [CP] Check Pods Manifest.lock */,
				E6E8EB7927529309009C49C7 /* Sources */,
				E6E8EB7A27529309009C49C7 /* Frameworks */,
				E6E8EB7B27529309009C49C7 /* Resources */,
				E67E692B28087084000C50D8 /* Embed Frameworks */,
				F74C071C96BE7EACDFCCFA03 /* [CP] Embed Pods Frameworks */,
			);
			buildRules = (
			);
			dependencies = (
				E67E692828087084000C50D8 /* PBXTargetDependency */,
				E67E6936280879D3000C50D8 /* PBXTargetDependency */,
			);
			name = Navigation;
			productName = Navigation;
			productReference = E6E8EB7D27529309009C49C7 /* Navigation.app */;
			productType = "com.apple.product-type.application";
		};
/* End PBXNativeTarget section */

/* Begin PBXProject section */
		E6E8EB7527529309009C49C7 /* Project object */ = {
			isa = PBXProject;
			attributes = {
				BuildIndependentTargetsInParallel = 1;
				LastSwiftUpdateCheck = 1300;
				LastUpgradeCheck = 1300;
				TargetAttributes = {
					E67E691328087084000C50D8 = {
						CreatedOnToolsVersion = 13.0;
					};
					E6E8EB7C27529309009C49C7 = {
						CreatedOnToolsVersion = 13.0;
					};
				};
			};
			buildConfigurationList = E6E8EB7827529309009C49C7 /* Build configuration list for PBXProject "Navigation" */;
			compatibilityVersion = "Xcode 13.0";
			developmentRegion = en;
			hasScannedForEncodings = 0;
			knownRegions = (
				en,
				Base,
			);
			mainGroup = E6E8EB7427529309009C49C7;
			productRefGroup = E6E8EB7E27529309009C49C7 /* Products */;
			projectDirPath = "";
			projectRoot = "";
			targets = (
				E6E8EB7C27529309009C49C7 /* Navigation */,
				E67E691328087084000C50D8 /* StorageService */,
			);
		};
/* End PBXProject section */

/* Begin PBXResourcesBuildPhase section */
		E67E691228087084000C50D8 /* Resources */ = {
			isa = PBXResourcesBuildPhase;
			buildActionMask = 2147483647;
			files = (
			);
			runOnlyForDeploymentPostprocessing = 0;
		};
		E6E8EB7B27529309009C49C7 /* Resources */ = {
			isa = PBXResourcesBuildPhase;
			buildActionMask = 2147483647;
			files = (
				E6E8EB8D2752930C009C49C7 /* BuildFile in Resources */,
				E6E8EB8A2752930C009C49C7 /* Assets.xcassets in Resources */,
			);
			runOnlyForDeploymentPostprocessing = 0;
		};
/* End PBXResourcesBuildPhase section */

/* Begin PBXShellScriptBuildPhase section */
		7AABD1E13B2F7A33BE4CA396 /* [CP] Check Pods Manifest.lock */ = {
			isa = PBXShellScriptBuildPhase;
			buildActionMask = 2147483647;
			files = (
			);
			inputFileListPaths = (
			);
			inputPaths = (
				"${PODS_PODFILE_DIR_PATH}/Podfile.lock",
				"${PODS_ROOT}/Manifest.lock",
			);
			name = "[CP] Check Pods Manifest.lock";
			outputFileListPaths = (
			);
			outputPaths = (
				"$(DERIVED_FILE_DIR)/Pods-Navigation-checkManifestLockResult.txt",
			);
			runOnlyForDeploymentPostprocessing = 0;
			shellPath = /bin/sh;
			shellScript = "diff \"${PODS_PODFILE_DIR_PATH}/Podfile.lock\" \"${PODS_ROOT}/Manifest.lock\" > /dev/null\nif [ $? != 0 ] ; then\n    # print error to STDERR\n    echo \"error: The sandbox is not in sync with the Podfile.lock. Run 'pod install' or update your CocoaPods installation.\" >&2\n    exit 1\nfi\n# This output is used by Xcode 'outputs' to avoid re-running this script phase.\necho \"SUCCESS\" > \"${SCRIPT_OUTPUT_FILE_0}\"\n";
			showEnvVarsInLog = 0;
		};
		B8FCC549B6B6D1C64240A21B /* [CP] Check Pods Manifest.lock */ = {
			isa = PBXShellScriptBuildPhase;
			buildActionMask = 2147483647;
			files = (
			);
			inputFileListPaths = (
			);
			inputPaths = (
				"${PODS_PODFILE_DIR_PATH}/Podfile.lock",
				"${PODS_ROOT}/Manifest.lock",
			);
			name = "[CP] Check Pods Manifest.lock";
			outputFileListPaths = (
			);
			outputPaths = (
				"$(DERIVED_FILE_DIR)/Pods-StorageService-checkManifestLockResult.txt",
			);
			runOnlyForDeploymentPostprocessing = 0;
			shellPath = /bin/sh;
			shellScript = "diff \"${PODS_PODFILE_DIR_PATH}/Podfile.lock\" \"${PODS_ROOT}/Manifest.lock\" > /dev/null\nif [ $? != 0 ] ; then\n    # print error to STDERR\n    echo \"error: The sandbox is not in sync with the Podfile.lock. Run 'pod install' or update your CocoaPods installation.\" >&2\n    exit 1\nfi\n# This output is used by Xcode 'outputs' to avoid re-running this script phase.\necho \"SUCCESS\" > \"${SCRIPT_OUTPUT_FILE_0}\"\n";
			showEnvVarsInLog = 0;
		};
		F74C071C96BE7EACDFCCFA03 /* [CP] Embed Pods Frameworks */ = {
			isa = PBXShellScriptBuildPhase;
			buildActionMask = 2147483647;
			files = (
			);
			inputFileListPaths = (
				"${PODS_ROOT}/Target Support Files/Pods-Navigation/Pods-Navigation-frameworks-${CONFIGURATION}-input-files.xcfilelist",
			);
			name = "[CP] Embed Pods Frameworks";
			outputFileListPaths = (
				"${PODS_ROOT}/Target Support Files/Pods-Navigation/Pods-Navigation-frameworks-${CONFIGURATION}-output-files.xcfilelist",
			);
			runOnlyForDeploymentPostprocessing = 0;
			shellPath = /bin/sh;
			shellScript = "\"${PODS_ROOT}/Target Support Files/Pods-Navigation/Pods-Navigation-frameworks.sh\"\n";
			showEnvVarsInLog = 0;
		};
/* End PBXShellScriptBuildPhase section */

/* Begin PBXSourcesBuildPhase section */
		E67E691028087084000C50D8 /* Sources */ = {
			isa = PBXSourcesBuildPhase;
			buildActionMask = 2147483647;
			files = (
				E67E691828087084000C50D8 /* StorageService.docc in Sources */,
				E67E693228087116000C50D8 /* Post.swift in Sources */,
			);
			runOnlyForDeploymentPostprocessing = 0;
		};
		E6E8EB7927529309009C49C7 /* Sources */ = {
			isa = PBXSourcesBuildPhase;
			buildActionMask = 2147483647;
			files = (
				E67A335427F45A6B004A07EB /* PhotosTableViewCell.swift in Sources */,
				E67A335227EA4D30004A07EB /* PostTableViewCell.swift in Sources */,
				E67A335827F49A25004A07EB /* ContentGenerator.swift in Sources */,
				E6E8EB8127529309009C49C7 /* AppDelegate.swift in Sources */,
				E6E8EBB32757D8BB009C49C7 /* FeedViewController.swift in Sources */,
				E6BCB91927A8619400FA8863 /* LogInViewController.swift in Sources */,
				E6416FA327737DDC0033E6E9 /* UIView+Extension.swift in Sources */,
				E6E8EBB9275938A1009C49C7 /* InfoViewController.swift in Sources */,
				E67A335A27F746B0004A07EB /* PhotosViewController.swift in Sources */,
				E6416FA527738AF80033E6E9 /* ProfileViewController.swift in Sources */,
				E623F5B227C533CA008E1943 /* UIImage+Extension.swift in Sources */,
				E67A335C27F75BFC004A07EB /* PhotosCollectionViewCell.swift in Sources */,
				E6E8EBB52757E28A009C49C7 /* PostViewController.swift in Sources */,
				E6898628276783CC00D5A31C /* ProfileTableHeaderView.swift in Sources */,
			);
			runOnlyForDeploymentPostprocessing = 0;
		};
/* End PBXSourcesBuildPhase section */

/* Begin PBXTargetDependency section */
		E67E692828087084000C50D8 /* PBXTargetDependency */ = {
			isa = PBXTargetDependency;
			target = E67E691328087084000C50D8 /* StorageService */;
			targetProxy = E67E692728087084000C50D8 /* PBXContainerItemProxy */;
		};
		E67E6936280879D3000C50D8 /* PBXTargetDependency */ = {
			isa = PBXTargetDependency;
			platformFilter = ios;
			target = E67E691328087084000C50D8 /* StorageService */;
			targetProxy = E67E6935280879D3000C50D8 /* PBXContainerItemProxy */;
		};
/* End PBXTargetDependency section */

/* Begin XCBuildConfiguration section */
		E67E692C28087084000C50D8 /* Debug */ = {
			isa = XCBuildConfiguration;
			baseConfigurationReference = 2D8002BB15C0BFA3521951CB /* Pods-StorageService.debug.xcconfig */;
			buildSettings = {
				CODE_SIGN_STYLE = Automatic;
				CURRENT_PROJECT_VERSION = 1;
				DEFINES_MODULE = YES;
				DEVELOPMENT_TEAM = "";
				DYLIB_COMPATIBILITY_VERSION = 1;
				DYLIB_CURRENT_VERSION = 1;
				DYLIB_INSTALL_NAME_BASE = "@rpath";
				GENERATE_INFOPLIST_FILE = YES;
				INFOPLIST_KEY_NSHumanReadableCopyright = "";
				INSTALL_PATH = "$(LOCAL_LIBRARY_DIR)/Frameworks";
				LD_RUNPATH_SEARCH_PATHS = (
					"$(inherited)",
					"@executable_path/Frameworks",
					"@loader_path/Frameworks",
				);
				MARKETING_VERSION = 1.0;
				PRODUCT_BUNDLE_IDENTIFIER = ru.shevyakova.StorageService;
				PRODUCT_NAME = "$(TARGET_NAME:c99extidentifier)";
				SKIP_INSTALL = YES;
				SUPPORTS_MACCATALYST = NO;
				SWIFT_EMIT_LOC_STRINGS = YES;
				SWIFT_VERSION = 5.0;
				TARGETED_DEVICE_FAMILY = 1;
				VERSIONING_SYSTEM = "apple-generic";
				VERSION_INFO_PREFIX = "";
			};
			name = Debug;
		};
		E67E692D28087084000C50D8 /* Release */ = {
			isa = XCBuildConfiguration;
			baseConfigurationReference = 4D4EF64DAA27619C41F4E4CC /* Pods-StorageService.release.xcconfig */;
			buildSettings = {
				CODE_SIGN_STYLE = Automatic;
				CURRENT_PROJECT_VERSION = 1;
				DEFINES_MODULE = YES;
				DEVELOPMENT_TEAM = "";
				DYLIB_COMPATIBILITY_VERSION = 1;
				DYLIB_CURRENT_VERSION = 1;
				DYLIB_INSTALL_NAME_BASE = "@rpath";
				GENERATE_INFOPLIST_FILE = YES;
				INFOPLIST_KEY_NSHumanReadableCopyright = "";
				INSTALL_PATH = "$(LOCAL_LIBRARY_DIR)/Frameworks";
				LD_RUNPATH_SEARCH_PATHS = (
					"$(inherited)",
					"@executable_path/Frameworks",
					"@loader_path/Frameworks",
				);
				MARKETING_VERSION = 1.0;
				PRODUCT_BUNDLE_IDENTIFIER = ru.shevyakova.StorageService;
				PRODUCT_NAME = "$(TARGET_NAME:c99extidentifier)";
				SKIP_INSTALL = YES;
				SUPPORTS_MACCATALYST = NO;
				SWIFT_EMIT_LOC_STRINGS = YES;
				SWIFT_VERSION = 5.0;
				TARGETED_DEVICE_FAMILY = 1;
				VERSIONING_SYSTEM = "apple-generic";
				VERSION_INFO_PREFIX = "";
			};
			name = Release;
		};
		E6E8EB8F2752930C009C49C7 /* Debug */ = {
			isa = XCBuildConfiguration;
			buildSettings = {
				ALWAYS_SEARCH_USER_PATHS = NO;
				CLANG_ANALYZER_NONNULL = YES;
				CLANG_ANALYZER_NUMBER_OBJECT_CONVERSION = YES_AGGRESSIVE;
				CLANG_CXX_LANGUAGE_STANDARD = "gnu++17";
				CLANG_CXX_LIBRARY = "libc++";
				CLANG_ENABLE_MODULES = YES;
				CLANG_ENABLE_OBJC_ARC = YES;
				CLANG_ENABLE_OBJC_WEAK = YES;
				CLANG_WARN_BLOCK_CAPTURE_AUTORELEASING = YES;
				CLANG_WARN_BOOL_CONVERSION = YES;
				CLANG_WARN_COMMA = YES;
				CLANG_WARN_CONSTANT_CONVERSION = YES;
				CLANG_WARN_DEPRECATED_OBJC_IMPLEMENTATIONS = YES;
				CLANG_WARN_DIRECT_OBJC_ISA_USAGE = YES_ERROR;
				CLANG_WARN_DOCUMENTATION_COMMENTS = YES;
				CLANG_WARN_EMPTY_BODY = YES;
				CLANG_WARN_ENUM_CONVERSION = YES;
				CLANG_WARN_INFINITE_RECURSION = YES;
				CLANG_WARN_INT_CONVERSION = YES;
				CLANG_WARN_NON_LITERAL_NULL_CONVERSION = YES;
				CLANG_WARN_OBJC_IMPLICIT_RETAIN_SELF = YES;
				CLANG_WARN_OBJC_LITERAL_CONVERSION = YES;
				CLANG_WARN_OBJC_ROOT_CLASS = YES_ERROR;
				CLANG_WARN_QUOTED_INCLUDE_IN_FRAMEWORK_HEADER = YES;
				CLANG_WARN_RANGE_LOOP_ANALYSIS = YES;
				CLANG_WARN_STRICT_PROTOTYPES = YES;
				CLANG_WARN_SUSPICIOUS_MOVE = YES;
				CLANG_WARN_UNGUARDED_AVAILABILITY = YES_AGGRESSIVE;
				CLANG_WARN_UNREACHABLE_CODE = YES;
				CLANG_WARN__DUPLICATE_METHOD_MATCH = YES;
				COPY_PHASE_STRIP = NO;
				DEBUG_INFORMATION_FORMAT = dwarf;
				ENABLE_STRICT_OBJC_MSGSEND = YES;
				ENABLE_TESTABILITY = YES;
				GCC_C_LANGUAGE_STANDARD = gnu11;
				GCC_DYNAMIC_NO_PIC = NO;
				GCC_NO_COMMON_BLOCKS = YES;
				GCC_OPTIMIZATION_LEVEL = 0;
				GCC_PREPROCESSOR_DEFINITIONS = (
					"DEBUG=1",
					"$(inherited)",
				);
				GCC_WARN_64_TO_32_BIT_CONVERSION = YES;
				GCC_WARN_ABOUT_RETURN_TYPE = YES_ERROR;
				GCC_WARN_UNDECLARED_SELECTOR = YES;
				GCC_WARN_UNINITIALIZED_AUTOS = YES_AGGRESSIVE;
				GCC_WARN_UNUSED_FUNCTION = YES;
				GCC_WARN_UNUSED_VARIABLE = YES;
				IPHONEOS_DEPLOYMENT_TARGET = 15.0;
				MTL_ENABLE_DEBUG_INFO = INCLUDE_SOURCE;
				MTL_FAST_MATH = YES;
				ONLY_ACTIVE_ARCH = YES;
				SDKROOT = iphoneos;
				SWIFT_ACTIVE_COMPILATION_CONDITIONS = DEBUG;
				SWIFT_OPTIMIZATION_LEVEL = "-Onone";
			};
			name = Debug;
		};
		E6E8EB902752930C009C49C7 /* Release */ = {
			isa = XCBuildConfiguration;
			buildSettings = {
				ALWAYS_SEARCH_USER_PATHS = NO;
				CLANG_ANALYZER_NONNULL = YES;
				CLANG_ANALYZER_NUMBER_OBJECT_CONVERSION = YES_AGGRESSIVE;
				CLANG_CXX_LANGUAGE_STANDARD = "gnu++17";
				CLANG_CXX_LIBRARY = "libc++";
				CLANG_ENABLE_MODULES = YES;
				CLANG_ENABLE_OBJC_ARC = YES;
				CLANG_ENABLE_OBJC_WEAK = YES;
				CLANG_WARN_BLOCK_CAPTURE_AUTORELEASING = YES;
				CLANG_WARN_BOOL_CONVERSION = YES;
				CLANG_WARN_COMMA = YES;
				CLANG_WARN_CONSTANT_CONVERSION = YES;
				CLANG_WARN_DEPRECATED_OBJC_IMPLEMENTATIONS = YES;
				CLANG_WARN_DIRECT_OBJC_ISA_USAGE = YES_ERROR;
				CLANG_WARN_DOCUMENTATION_COMMENTS = YES;
				CLANG_WARN_EMPTY_BODY = YES;
				CLANG_WARN_ENUM_CONVERSION = YES;
				CLANG_WARN_INFINITE_RECURSION = YES;
				CLANG_WARN_INT_CONVERSION = YES;
				CLANG_WARN_NON_LITERAL_NULL_CONVERSION = YES;
				CLANG_WARN_OBJC_IMPLICIT_RETAIN_SELF = YES;
				CLANG_WARN_OBJC_LITERAL_CONVERSION = YES;
				CLANG_WARN_OBJC_ROOT_CLASS = YES_ERROR;
				CLANG_WARN_QUOTED_INCLUDE_IN_FRAMEWORK_HEADER = YES;
				CLANG_WARN_RANGE_LOOP_ANALYSIS = YES;
				CLANG_WARN_STRICT_PROTOTYPES = YES;
				CLANG_WARN_SUSPICIOUS_MOVE = YES;
				CLANG_WARN_UNGUARDED_AVAILABILITY = YES_AGGRESSIVE;
				CLANG_WARN_UNREACHABLE_CODE = YES;
				CLANG_WARN__DUPLICATE_METHOD_MATCH = YES;
				COPY_PHASE_STRIP = NO;
				DEBUG_INFORMATION_FORMAT = "dwarf-with-dsym";
				ENABLE_NS_ASSERTIONS = NO;
				ENABLE_STRICT_OBJC_MSGSEND = YES;
				GCC_C_LANGUAGE_STANDARD = gnu11;
				GCC_NO_COMMON_BLOCKS = YES;
				GCC_WARN_64_TO_32_BIT_CONVERSION = YES;
				GCC_WARN_ABOUT_RETURN_TYPE = YES_ERROR;
				GCC_WARN_UNDECLARED_SELECTOR = YES;
				GCC_WARN_UNINITIALIZED_AUTOS = YES_AGGRESSIVE;
				GCC_WARN_UNUSED_FUNCTION = YES;
				GCC_WARN_UNUSED_VARIABLE = YES;
				IPHONEOS_DEPLOYMENT_TARGET = 15.0;
				MTL_ENABLE_DEBUG_INFO = NO;
				MTL_FAST_MATH = YES;
				SDKROOT = iphoneos;
				SWIFT_ACTIVE_COMPILATION_CONDITIONS = RELEASE;
				SWIFT_COMPILATION_MODE = wholemodule;
				SWIFT_OPTIMIZATION_LEVEL = "-O";
				VALIDATE_PRODUCT = YES;
			};
			name = Release;
		};
		E6E8EB922752930C009C49C7 /* Debug */ = {
			isa = XCBuildConfiguration;
			baseConfigurationReference = 6AFB901DBDD26D901ACC9D18 /* Pods-Navigation.debug.xcconfig */;
			buildSettings = {
				ALWAYS_EMBED_SWIFT_STANDARD_LIBRARIES = YES;
				ASSETCATALOG_COMPILER_APPICON_NAME = AppIcon;
				ASSETCATALOG_COMPILER_GLOBAL_ACCENT_COLOR_NAME = AccentColor;
				CODE_SIGN_STYLE = Automatic;
				CURRENT_PROJECT_VERSION = 1;
				DEVELOPMENT_TEAM = "";
				GENERATE_INFOPLIST_FILE = YES;
				INFOPLIST_FILE = Navigation/Info.plist;
				INFOPLIST_KEY_CFBundleDisplayName = Navigation;
				INFOPLIST_KEY_UIApplicationSupportsIndirectInputEvents = YES;
				INFOPLIST_KEY_UILaunchStoryboardName = LaunchScreen;
				INFOPLIST_KEY_UISupportedInterfaceOrientations_iPad = "UIInterfaceOrientationPortrait UIInterfaceOrientationPortraitUpsideDown UIInterfaceOrientationLandscapeLeft UIInterfaceOrientationLandscapeRight";
				INFOPLIST_KEY_UISupportedInterfaceOrientations_iPhone = "UIInterfaceOrientationPortrait UIInterfaceOrientationLandscapeLeft UIInterfaceOrientationLandscapeRight";
				LD_RUNPATH_SEARCH_PATHS = (
					"$(inherited)",
					"@executable_path/Frameworks",
				);
				MARKETING_VERSION = 1.0;
				PRODUCT_BUNDLE_IDENTIFIER = ru.shevyakova.Navigation;
				PRODUCT_NAME = "$(TARGET_NAME)";
				SWIFT_EMIT_LOC_STRINGS = YES;
				SWIFT_VERSION = 5.0;
				TARGETED_DEVICE_FAMILY = 1;
			};
			name = Debug;
		};
		E6E8EB932752930C009C49C7 /* Release */ = {
			isa = XCBuildConfiguration;
			baseConfigurationReference = EB6FD223148E2BCC0C808971 /* Pods-Navigation.release.xcconfig */;
			buildSettings = {
				ALWAYS_EMBED_SWIFT_STANDARD_LIBRARIES = YES;
				ASSETCATALOG_COMPILER_APPICON_NAME = AppIcon;
				ASSETCATALOG_COMPILER_GLOBAL_ACCENT_COLOR_NAME = AccentColor;
				CODE_SIGN_STYLE = Automatic;
				CURRENT_PROJECT_VERSION = 1;
				DEVELOPMENT_TEAM = "";
				GENERATE_INFOPLIST_FILE = YES;
				INFOPLIST_FILE = Navigation/Info.plist;
				INFOPLIST_KEY_CFBundleDisplayName = Navigation;
				INFOPLIST_KEY_UIApplicationSupportsIndirectInputEvents = YES;
				INFOPLIST_KEY_UILaunchStoryboardName = LaunchScreen;
				INFOPLIST_KEY_UISupportedInterfaceOrientations_iPad = "UIInterfaceOrientationPortrait UIInterfaceOrientationPortraitUpsideDown UIInterfaceOrientationLandscapeLeft UIInterfaceOrientationLandscapeRight";
				INFOPLIST_KEY_UISupportedInterfaceOrientations_iPhone = "UIInterfaceOrientationPortrait UIInterfaceOrientationLandscapeLeft UIInterfaceOrientationLandscapeRight";
				LD_RUNPATH_SEARCH_PATHS = (
					"$(inherited)",
					"@executable_path/Frameworks",
				);
				MARKETING_VERSION = 1.0;
				PRODUCT_BUNDLE_IDENTIFIER = ru.shevyakova.Navigation;
				PRODUCT_NAME = "$(TARGET_NAME)";
				SWIFT_EMIT_LOC_STRINGS = YES;
				SWIFT_VERSION = 5.0;
				TARGETED_DEVICE_FAMILY = 1;
			};
			name = Release;
		};
/* End XCBuildConfiguration section */

/* Begin XCConfigurationList section */
		E67E693028087085000C50D8 /* Build configuration list for PBXNativeTarget "StorageService" */ = {
			isa = XCConfigurationList;
			buildConfigurations = (
				E67E692C28087084000C50D8 /* Debug */,
				E67E692D28087084000C50D8 /* Release */,
			);
			defaultConfigurationIsVisible = 0;
			defaultConfigurationName = Release;
		};
		E6E8EB7827529309009C49C7 /* Build configuration list for PBXProject "Navigation" */ = {
			isa = XCConfigurationList;
			buildConfigurations = (
				E6E8EB8F2752930C009C49C7 /* Debug */,
				E6E8EB902752930C009C49C7 /* Release */,
			);
			defaultConfigurationIsVisible = 0;
			defaultConfigurationName = Release;
		};
		E6E8EB912752930C009C49C7 /* Build configuration list for PBXNativeTarget "Navigation" */ = {
			isa = XCConfigurationList;
			buildConfigurations = (
				E6E8EB922752930C009C49C7 /* Debug */,
				E6E8EB932752930C009C49C7 /* Release */,
			);
			defaultConfigurationIsVisible = 0;
			defaultConfigurationName = Release;
		};
/* End XCConfigurationList section */
	};
	rootObject = E6E8EB7527529309009C49C7 /* Project object */;
}
